
Microsoft Visual Studio Solution File, Format Version 12.00
# Visual Studio Version 17
VisualStudioVersion = 17.7.34031.279
MinimumVisualStudioVersion = 10.0.40219.1
Project("{9A19103F-16F7-4668-BE54-9A1E7A4F7556}") = "NLayerCore", "NLayerCore\NLayerCore.csproj", "{C5CA6ECB-45E9-4322-8DF9-4CDA915610E5}"
EndProject
Project("{9A19103F-16F7-4668-BE54-9A1E7A4F7556}") = "NLayerRepository", "NLayerRepository\NLayerRepository.csproj", "{D514D086-8C48-4F30-BF62-CDE9C36810D5}"
EndProject
Project("{9A19103F-16F7-4668-BE54-9A1E7A4F7556}") = "NLayerService", "NLayerService\NLayerService.csproj", "{304B08F2-0F7E-4D08-A008-FF09D8B94C60}"
EndProject
Project("{9A19103F-16F7-4668-BE54-9A1E7A4F7556}") = "NLayerAPI", "NLayerApi\NLayerAPI.csproj", "{820221D4-D82B-4322-B522-68EF64828749}"
EndProject
Project("{9A19103F-16F7-4668-BE54-9A1E7A4F7556}") = "NLayerWeb", "NLayerWeb\NLayerWeb.csproj", "{20DD4823-9F91-4617-BD1A-9A8E1749D084}"
EndProject
Project("{9A19103F-16F7-4668-BE54-9A1E7A4F7556}") = "NLayerCaching", "NLayerCaching\NLayerCaching.csproj", "{6B1B6AF5-DAE0-4C29-9AE5-94B33BA61627}"
EndProject
Project("{2150E333-8FDC-42A3-9474-1A3956D46DE8}") = "Solution Items", "Solution Items", "{84D4F2BB-6C74-4831-A41E-1D8518C8C0B7}"
	ProjectSection(SolutionItems) = preProject
		Ports.txt = Ports.txt
	EndProjectSection
EndProject
Global
	GlobalSection(SolutionConfigurationPlatforms) = preSolution
		Debug|Any CPU = Debug|Any CPU
		Release|Any CPU = Release|Any CPU
	EndGlobalSection
	GlobalSection(ProjectConfigurationPlatforms) = postSolution
		{C5CA6ECB-45E9-4322-8DF9-4CDA915610E5}.Debug|Any CPU.ActiveCfg = Debug|Any CPU
		{C5CA6ECB-45E9-4322-8DF9-4CDA915610E5}.Debug|Any CPU.Build.0 = Debug|Any CPU
		{C5CA6ECB-45E9-4322-8DF9-4CDA915610E5}.Release|Any CPU.ActiveCfg = Release|Any CPU
		{C5CA6ECB-45E9-4322-8DF9-4CDA915610E5}.Release|Any CPU.Build.0 = Release|Any CPU
		{D514D086-8C48-4F30-BF62-CDE9C36810D5}.Debug|Any CPU.ActiveCfg = Debug|Any CPU
		{D514D086-8C48-4F30-BF62-CDE9C36810D5}.Debug|Any CPU.Build.0 = Debug|Any CPU
		{D514D086-8C48-4F30-BF62-CDE9C36810D5}.Release|Any CPU.ActiveCfg = Release|Any CPU
		{D514D086-8C48-4F30-BF62-CDE9C36810D5}.Release|Any CPU.Build.0 = Release|Any CPU
		{304B08F2-0F7E-4D08-A008-FF09D8B94C60}.Debug|Any CPU.ActiveCfg = Debug|Any CPU
		{304B08F2-0F7E-4D08-A008-FF09D8B94C60}.Debug|Any CPU.Build.0 = Debug|Any CPU
		{304B08F2-0F7E-4D08-A008-FF09D8B94C60}.Release|Any CPU.ActiveCfg = Release|Any CPU
		{304B08F2-0F7E-4D08-A008-FF09D8B94C60}.Release|Any CPU.Build.0 = Release|Any CPU
		{820221D4-D82B-4322-B522-68EF64828749}.Debug|Any CPU.ActiveCfg = Debug|Any CPU
		{820221D4-D82B-4322-B522-68EF64828749}.Debug|Any CPU.Build.0 = Debug|Any CPU
		{820221D4-D82B-4322-B522-68EF64828749}.Release|Any CPU.ActiveCfg = Release|Any CPU
		{820221D4-D82B-4322-B522-68EF64828749}.Release|Any CPU.Build.0 = Release|Any CPU
		{20DD4823-9F91-4617-BD1A-9A8E1749D084}.Debug|Any CPU.ActiveCfg = Debug|Any CPU
		{20DD4823-9F91-4617-BD1A-9A8E1749D084}.Debug|Any CPU.Build.0 = Debug|Any CPU
		{20DD4823-9F91-4617-BD1A-9A8E1749D084}.Release|Any CPU.ActiveCfg = Release|Any CPU
		{20DD4823-9F91-4617-BD1A-9A8E1749D084}.Release|Any CPU.Build.0 = Release|Any CPU
		{6B1B6AF5-DAE0-4C29-9AE5-94B33BA61627}.Debug|Any CPU.ActiveCfg = Debug|Any CPU
		{6B1B6AF5-DAE0-4C29-9AE5-94B33BA61627}.Debug|Any CPU.Build.0 = Debug|Any CPU
		{6B1B6AF5-DAE0-4C29-9AE5-94B33BA61627}.Release|Any CPU.ActiveCfg = Release|Any CPU
		{6B1B6AF5-DAE0-4C29-9AE5-94B33BA61627}.Release|Any CPU.Build.0 = Release|Any CPU
	EndGlobalSection
	GlobalSection(SolutionProperties) = preSolution
		HideSolutionNode = FALSE
	EndGlobalSection
	GlobalSection(ExtensibilityGlobals) = postSolution
		SolutionGuid = {B71C68ED-54A4-4E5B-8B8A-43406BC83A60}
	EndGlobalSection
EndGlobal
